{
  "name": "qq",
  "version": "1.0.0",
  "lockfileVersion": 2,
  "requires": true,
  "packages": {
    "": {
      "name": "qq",
      "version": "1.0.0",
      "license": "ISC",
      "dependencies": {
        "sandy-random-function": "^1.0.0"
      }
    },
    "node_modules/sandy-random-function": {
      "version": "1.0.0",
      "resolved": "https://registry.npmjs.org/sandy-random-function/-/sandy-random-function-1.0.0.tgz",
      "integrity": "sha512-wjUhx+UotuPFUEwOhwEc34oN6stwJLiC26bl5aS60IxzpI9sTGSDbEo4CXt6tgtoSleR2cYUDdnuD02Vd4rTwQ=="
    }
  },
  "dependencies": {
    "sandy-random-function": {
      "version": "1.0.0",
      "resolved": "https://registry.npmjs.org/sandy-random-function/-/sandy-random-function-1.0.0.tgz",
      "integrity": "sha512-wjUhx+UotuPFUEwOhwEc34oN6stwJLiC26bl5aS60IxzpI9sTGSDbEo4CXt6tgtoSleR2cYUDdnuD02Vd4rTwQ=="
    }
  }
}
